# This file is automatically @generated by Poetry 1.5.4 and should not be changed by hand.

[[package]]
name = "pyprimesieve"
version = "0.1.6"
description = "Many primes, very fast. Uses primesieve."
optional = false
python-versions = "*"
files = [
    {file = "pyprimesieve-0.1.6.tar.gz", hash = "sha256:a35ff1fe6453ba3c6e833dd1ac4719a23644e6130294159366eeaea96f1894a5"},
]

[metadata]
lock-version = "2.0"
python-versions = ">=3.10.0,<3.12"
content-hash = "573a07b6f99af152e37c65834e609f51854a2f3574df8a17a9487d47fba6897d"
